
Microsoft Visual Studio Solution File, Format Version 12.00
# Visual Studio Version 16
VisualStudioVersion = 16.0.29728.190
MinimumVisualStudioVersion = 10.0.40219.1
Project("{FAE04EC0-301F-11D3-BF4B-00C04F79EFBC}") = "F4ST.Common", "F4ST.Common\F4ST.Common.csproj", "{EA973589-1851-4347-9C0D-580BC749EAE3}"
EndProject
Global
	GlobalSection(SolutionConfigurationPlatforms) = preSolution
		Debug|Any CPU = Debug|Any CPU
		Release|Any CPU = Release|Any CPU
	EndGlobalSection
	GlobalSection(ProjectConfigurationPlatforms) = postSolution
		{EA973589-1851-4347-9C0D-580BC749EAE3}.Debug|Any CPU.ActiveCfg = Debug|Any CPU
		{EA973589-1851-4347-9C0D-580BC749EAE3}.Debug|Any CPU.Build.0 = Debug|Any CPU
		{EA973589-1851-4347-9C0D-580BC749EAE3}.Release|Any CPU.ActiveCfg = Release|Any CPU
		{EA973589-1851-4347-9C0D-580BC749EAE3}.Release|Any CPU.Build.0 = Release|Any CPU
	EndGlobalSection
	GlobalSection(SolutionProperties) = preSolution
		HideSolutionNode = FALSE
	EndGlobalSection
	GlobalSection(ExtensibilityGlobals) = postSolution
		SolutionGuid = {3CE16354-5886-46C5-A91A-73C5674BBF41}
	EndGlobalSection
EndGlobal
